
Microsoft Visual Studio Solution File, Format Version 12.00
# Visual Studio 15
VisualStudioVersion = 15.0.28307.645
MinimumVisualStudioVersion = 10.0.40219.1
Project("{FAE04EC0-301F-11D3-BF4B-00C04F79EFBC}") = "SquareAccess", "SquareAccess\SquareAccess.csproj", "{BE0A3464-9B7B-46A0-B46F-0BA81C9FACC3}"
EndProject
Project("{FAE04EC0-301F-11D3-BF4B-00C04F79EFBC}") = "SquareAccessTests", "SquareAccessTests\SquareAccessTests.csproj", "{0EC75FFD-1A7C-4D78-8619-A65662E873AC}"
EndProject
Global
	GlobalSection(SolutionConfigurationPlatforms) = preSolution
		Debug|Any CPU = Debug|Any CPU
		Release|Any CPU = Release|Any CPU
	EndGlobalSection
	GlobalSection(ProjectConfigurationPlatforms) = postSolution
		{BE0A3464-9B7B-46A0-B46F-0BA81C9FACC3}.Debug|Any CPU.ActiveCfg = Debug|Any CPU
		{BE0A3464-9B7B-46A0-B46F-0BA81C9FACC3}.Debug|Any CPU.Build.0 = Debug|Any CPU
		{BE0A3464-9B7B-46A0-B46F-0BA81C9FACC3}.Release|Any CPU.ActiveCfg = Release|Any CPU
		{BE0A3464-9B7B-46A0-B46F-0BA81C9FACC3}.Release|Any CPU.Build.0 = Release|Any CPU
		{0EC75FFD-1A7C-4D78-8619-A65662E873AC}.Debug|Any CPU.ActiveCfg = Debug|Any CPU
		{0EC75FFD-1A7C-4D78-8619-A65662E873AC}.Debug|Any CPU.Build.0 = Debug|Any CPU
		{0EC75FFD-1A7C-4D78-8619-A65662E873AC}.Release|Any CPU.ActiveCfg = Release|Any CPU
		{0EC75FFD-1A7C-4D78-8619-A65662E873AC}.Release|Any CPU.Build.0 = Release|Any CPU
	EndGlobalSection
	GlobalSection(SolutionProperties) = preSolution
		HideSolutionNode = FALSE
	EndGlobalSection
	GlobalSection(ExtensibilityGlobals) = postSolution
		SolutionGuid = {72568A35-3113-490D-9B0B-11D346104271}
	EndGlobalSection
EndGlobal
